
Microsoft Visual Studio Solution File, Format Version 12.00
# Visual Studio Version 16
VisualStudioVersion = 16.0.32630.194
MinimumVisualStudioVersion = 10.0.40219.1
Project("{8BC9CEB8-8B4A-11D0-8D11-00A0C91BC942}") = "C+_Edu_12", "C+_Edu_12\C+_Edu_12.vcxproj", "{48931A79-6D9F-4C4E-BAD9-8C2349B7A0DC}"
EndProject
Global
	GlobalSection(SolutionConfigurationPlatforms) = preSolution
		Debug|x64 = Debug|x64
		Debug|x86 = Debug|x86
		Release|x64 = Release|x64
		Release|x86 = Release|x86
	EndGlobalSection
	GlobalSection(ProjectConfigurationPlatforms) = postSolution
		{48931A79-6D9F-4C4E-BAD9-8C2349B7A0DC}.Debug|x64.ActiveCfg = Debug|x64
		{48931A79-6D9F-4C4E-BAD9-8C2349B7A0DC}.Debug|x64.Build.0 = Debug|x64
		{48931A79-6D9F-4C4E-BAD9-8C2349B7A0DC}.Debug|x86.ActiveCfg = Debug|Win32
		{48931A79-6D9F-4C4E-BAD9-8C2349B7A0DC}.Debug|x86.Build.0 = Debug|Win32
		{48931A79-6D9F-4C4E-BAD9-8C2349B7A0DC}.Release|x64.ActiveCfg = Release|x64
		{48931A79-6D9F-4C4E-BAD9-8C2349B7A0DC}.Release|x64.Build.0 = Release|x64
		{48931A79-6D9F-4C4E-BAD9-8C2349B7A0DC}.Release|x86.ActiveCfg = Release|Win32
		{48931A79-6D9F-4C4E-BAD9-8C2349B7A0DC}.Release|x86.Build.0 = Release|Win32
	EndGlobalSection
	GlobalSection(SolutionProperties) = preSolution
		HideSolutionNode = FALSE
	EndGlobalSection
	GlobalSection(ExtensibilityGlobals) = postSolution
		SolutionGuid = {4B858DC6-FD54-4C43-9416-A13AD15E4FFC}
	EndGlobalSection
EndGlobal
