
Microsoft Visual Studio Solution File, Format Version 12.00
# Visual Studio Version 16
VisualStudioVersion = 16.0.32630.194
MinimumVisualStudioVersion = 10.0.40219.1
Project("{8BC9CEB8-8B4A-11D0-8D11-00A0C91BC942}") = "C_Edu_11", "C_Edu_11\C_Edu_11.vcxproj", "{995D13BE-7C32-4EDB-AFC6-C6EE2A84B23B}"
EndProject
Global
	GlobalSection(SolutionConfigurationPlatforms) = preSolution
		Debug|x64 = Debug|x64
		Debug|x86 = Debug|x86
		Release|x64 = Release|x64
		Release|x86 = Release|x86
	EndGlobalSection
	GlobalSection(ProjectConfigurationPlatforms) = postSolution
		{995D13BE-7C32-4EDB-AFC6-C6EE2A84B23B}.Debug|x64.ActiveCfg = Debug|x64
		{995D13BE-7C32-4EDB-AFC6-C6EE2A84B23B}.Debug|x64.Build.0 = Debug|x64
		{995D13BE-7C32-4EDB-AFC6-C6EE2A84B23B}.Debug|x86.ActiveCfg = Debug|Win32
		{995D13BE-7C32-4EDB-AFC6-C6EE2A84B23B}.Debug|x86.Build.0 = Debug|Win32
		{995D13BE-7C32-4EDB-AFC6-C6EE2A84B23B}.Release|x64.ActiveCfg = Release|x64
		{995D13BE-7C32-4EDB-AFC6-C6EE2A84B23B}.Release|x64.Build.0 = Release|x64
		{995D13BE-7C32-4EDB-AFC6-C6EE2A84B23B}.Release|x86.ActiveCfg = Release|Win32
		{995D13BE-7C32-4EDB-AFC6-C6EE2A84B23B}.Release|x86.Build.0 = Release|Win32
	EndGlobalSection
	GlobalSection(SolutionProperties) = preSolution
		HideSolutionNode = FALSE
	EndGlobalSection
	GlobalSection(ExtensibilityGlobals) = postSolution
		SolutionGuid = {4BBF5B4A-327D-431F-BB9F-4AFA50CA7282}
	EndGlobalSection
EndGlobal
