<?xml version="1.0" encoding="utf-8"?>
<Project ToolsVersion="4.0" xmlns="http://schemas.microsoft.com/developer/msbuild/2003">
  <ItemGroup>
    <Filter Include="소스 파일">
      <UniqueIdentifier>{4FC737F1-C7A5-4376-A066-2A32D752A2FF}</UniqueIdentifier>
      <Extensions>cpp;c;cc;cxx;c++;cppm;ixx;def;odl;idl;hpj;bat;asm;asmx</Extensions>
    </Filter>
    <Filter Include="헤더 파일">
      <UniqueIdentifier>{93995380-89BD-4b04-88EB-625FBE52EBFB}</UniqueIdentifier>
      <Extensions>h;hh;hpp;hxx;h++;hm;inl;inc;ipp;xsd</Extensions>
    </Filter>
    <Filter Include="리소스 파일">
      <UniqueIdentifier>{67DA6AB6-F800-4c08-8B7A-83BB121AAD01}</UniqueIdentifier>
      <Extensions>rc;ico;cur;bmp;dlg;rc2;rct;bin;rgs;gif;jpg;jpeg;jpe;resx;tiff;tif;png;wav;mfcribbon-ms</Extensions>
    </Filter>
    <Filter Include="헤더 파일\Include">
      <UniqueIdentifier>{def8e378-d22a-4b98-8de8-0740c44577f6}</UniqueIdentifier>
    </Filter>
    <Filter Include="소스 파일\01. Object">
      <UniqueIdentifier>{4a2337ac-62d0-4b43-aa31-3b414b91c1f4}</UniqueIdentifier>
    </Filter>
    <Filter Include="소스 파일\01. Object\Child">
      <UniqueIdentifier>{095d3ee5-d8b5-474a-9150-c35fb9798746}</UniqueIdentifier>
    </Filter>
    <Filter Include="소스 파일\00. MainUpdate">
      <UniqueIdentifier>{2cf95821-eae1-4a13-92a1-7c3f33aee67c}</UniqueIdentifier>
    </Filter>
    <Filter Include="소스 파일\99. Manager">
      <UniqueIdentifier>{66913a32-ca56-4f74-80ca-ca27f3badd59}</UniqueIdentifier>
    </Filter>
    <Filter Include="소스 파일\99. Manager\ScaneManager">
      <UniqueIdentifier>{1f3312cc-1857-4952-9611-46691e8b60ce}</UniqueIdentifier>
    </Filter>
    <Filter Include="소스 파일\01. Scene">
      <UniqueIdentifier>{e2c2875a-ab67-491d-b40f-07bc45a3edf3}</UniqueIdentifier>
    </Filter>
    <Filter Include="소스 파일\01. Scene\Logo">
      <UniqueIdentifier>{a2d7c613-9da3-4b1f-9cdc-11d81f712bf5}</UniqueIdentifier>
    </Filter>
    <Filter Include="소스 파일\01. Scene\Menu">
      <UniqueIdentifier>{394fc75b-8960-42b6-be90-a94d8e0584e3}</UniqueIdentifier>
    </Filter>
    <Filter Include="소스 파일\01. Scene\Stage">
      <UniqueIdentifier>{83e6371d-b48d-4483-b3d9-a3e381b97d5f}</UniqueIdentifier>
    </Filter>
  </ItemGroup>
  <ItemGroup>
    <ClCompile Include="Main.cpp">
      <Filter>소스 파일</Filter>
    </ClCompile>
    <ClCompile Include="Object.cpp">
      <Filter>소스 파일\01. Object</Filter>
    </ClCompile>
    <ClCompile Include="Child.cpp">
      <Filter>소스 파일\01. Object\Child</Filter>
    </ClCompile>
    <ClCompile Include="MainUpdate.cpp">
      <Filter>소스 파일\00. MainUpdate</Filter>
    </ClCompile>
    <ClCompile Include="ScaneManager.cpp">
      <Filter>소스 파일\99. Manager\ScaneManager</Filter>
    </ClCompile>
    <ClCompile Include="Logo.cpp">
      <Filter>소스 파일\01. Scene\Logo</Filter>
    </ClCompile>
    <ClCompile Include="Menu.cpp">
      <Filter>소스 파일\01. Scene\Menu</Filter>
    </ClCompile>
    <ClCompile Include="Stage.cpp">
      <Filter>소스 파일\01. Scene\Stage</Filter>
    </ClCompile>
    <ClCompile Include="Scene.cpp">
      <Filter>소스 파일\01. Scene</Filter>
    </ClCompile>
  </ItemGroup>
  <ItemGroup>
    <ClInclude Include="Object.h">
      <Filter>소스 파일\01. Object</Filter>
    </ClInclude>
    <ClInclude Include="Headers.h">
      <Filter>헤더 파일</Filter>
    </ClInclude>
    <ClInclude Include="Struct.h">
      <Filter>헤더 파일\Include</Filter>
    </ClInclude>
    <ClInclude Include="Child.h">
      <Filter>소스 파일\01. Object\Child</Filter>
    </ClInclude>
    <ClInclude Include="MainUpdate.h">
      <Filter>소스 파일\00. MainUpdate</Filter>
    </ClInclude>
    <ClInclude Include="ScaneManager.h">
      <Filter>소스 파일\99. Manager\ScaneManager</Filter>
    </ClInclude>
    <ClInclude Include="Logo.h">
      <Filter>소스 파일\01. Scene\Logo</Filter>
    </ClInclude>
    <ClInclude Include="Menu.h">
      <Filter>소스 파일\01. Scene\Menu</Filter>
    </ClInclude>
    <ClInclude Include="Stage.h">
      <Filter>소스 파일\01. Scene\Stage</Filter>
    </ClInclude>
    <ClInclude Include="Scene.h">
      <Filter>소스 파일\01. Scene</Filter>
    </ClInclude>
    <ClInclude Include="Enum.h">
      <Filter>헤더 파일\Include</Filter>
    </ClInclude>
  </ItemGroup>
</Project>