
Microsoft Visual Studio Solution File, Format Version 12.00
# Visual Studio Version 16
VisualStudioVersion = 16.0.32630.194
MinimumVisualStudioVersion = 10.0.40219.1
Project("{8BC9CEB8-8B4A-11D0-8D11-00A0C91BC942}") = "C+_Edu_02", "C+_Edu_02\C+_Edu_02.vcxproj", "{D5F1D47E-2899-4DFB-BBF2-B06418580A5A}"
EndProject
Global
	GlobalSection(SolutionConfigurationPlatforms) = preSolution
		Debug|x64 = Debug|x64
		Debug|x86 = Debug|x86
		Release|x64 = Release|x64
		Release|x86 = Release|x86
	EndGlobalSection
	GlobalSection(ProjectConfigurationPlatforms) = postSolution
		{D5F1D47E-2899-4DFB-BBF2-B06418580A5A}.Debug|x64.ActiveCfg = Debug|x64
		{D5F1D47E-2899-4DFB-BBF2-B06418580A5A}.Debug|x64.Build.0 = Debug|x64
		{D5F1D47E-2899-4DFB-BBF2-B06418580A5A}.Debug|x86.ActiveCfg = Debug|Win32
		{D5F1D47E-2899-4DFB-BBF2-B06418580A5A}.Debug|x86.Build.0 = Debug|Win32
		{D5F1D47E-2899-4DFB-BBF2-B06418580A5A}.Release|x64.ActiveCfg = Release|x64
		{D5F1D47E-2899-4DFB-BBF2-B06418580A5A}.Release|x64.Build.0 = Release|x64
		{D5F1D47E-2899-4DFB-BBF2-B06418580A5A}.Release|x86.ActiveCfg = Release|Win32
		{D5F1D47E-2899-4DFB-BBF2-B06418580A5A}.Release|x86.Build.0 = Release|Win32
	EndGlobalSection
	GlobalSection(SolutionProperties) = preSolution
		HideSolutionNode = FALSE
	EndGlobalSection
	GlobalSection(ExtensibilityGlobals) = postSolution
		SolutionGuid = {D4293AE1-8038-4324-A33D-A5FFB61FBE65}
	EndGlobalSection
EndGlobal
